{
  "name": "@classroomtechtools/unittesting",
  "version": "1.5.0",
  "lockfileVersion": 1,
  "requires": true,
  "dependencies": {
    "@classroomtechtools/contextmanager": {
      "version": "1.0.0",
      "resolved": "https://registry.npmjs.org/@classroomtechtools/contextmanager/-/contextmanager-1.0.0.tgz",
      "integrity": "sha512-3HfUQ8AuOpFc8F7F02LaZZQbK+3p1nxy5Hmgm6dEJF3X+6Ik4XkKupT0z7QhuQB/73wtD7FzarPDxmXhyHWZig=="
    }
  }
}
